{
  "requires": true,
  "lockfileVersion": 1,
  "dependencies": {
    "country-region-dropdown-menu": {
      "version": "2.1.6",
      "resolved": "https://registry.npmjs.org/country-region-dropdown-menu/-/country-region-dropdown-menu-2.1.6.tgz",
      "integrity": "sha512-0lhkvbMRdRFlHAgYpC/ZVbxbhd87Puy/HZrhr/MAInbgPrZDoHNYfLj/d1QAAjEs/VtTd7EcSxbuld9up16uXA=="
    }
  }
}
